
Microsoft Visual Studio Solution File, Format Version 12.00
# Visual Studio Version 16
VisualStudioVersion = 16.0.31729.503
MinimumVisualStudioVersion = 10.0.40219.1
Project("{FAE04EC0-301F-11D3-BF4B-00C04F79EFBC}") = "WikiProject", "SimpleScript\WikiProject.csproj", "{BDAC3FFC-8B98-437D-B2A2-274533A074AB}"
EndProject
Global
	GlobalSection(SolutionConfigurationPlatforms) = preSolution
		Debug|Any CPU = Debug|Any CPU
		Release|Any CPU = Release|Any CPU
	EndGlobalSection
	GlobalSection(ProjectConfigurationPlatforms) = postSolution
		{BDAC3FFC-8B98-437D-B2A2-274533A074AB}.Debug|Any CPU.ActiveCfg = Debug|Any CPU
		{BDAC3FFC-8B98-437D-B2A2-274533A074AB}.Debug|Any CPU.Build.0 = Debug|Any CPU
		{BDAC3FFC-8B98-437D-B2A2-274533A074AB}.Release|Any CPU.ActiveCfg = Release|Any CPU
		{BDAC3FFC-8B98-437D-B2A2-274533A074AB}.Release|Any CPU.Build.0 = Release|Any CPU
	EndGlobalSection
	GlobalSection(SolutionProperties) = preSolution
		HideSolutionNode = FALSE
	EndGlobalSection
	GlobalSection(ExtensibilityGlobals) = postSolution
		SolutionGuid = {DF6A2F78-11EB-40FC-9B10-8862D821F92A}
	EndGlobalSection
EndGlobal
